<?xml version="1.0" encoding="utf-8"?>
<Project ToolsVersion="4.0" xmlns="http://schemas.microsoft.com/developer/msbuild/2003">
  <ItemGroup>
    <ClCompile Include="Source\Engine.cpp" />
    <ClCompile Include="Source\main.cpp" />
    <ClCompile Include="Source\Renderer.cpp" />
    <ClCompile Include="Source\ShaderProgram.cpp" />
    <ClCompile Include="Source\Window.cpp" />
    <ClCompile Include="Source\Input.cpp" />
    <ClCompile Include="Source\Timer.cpp" />
    <ClCompile Include="Source\Camera.cpp" />
    <ClCompile Include="Source\GameObject.cpp" />
    <ClCompile Include="Source\Component.cpp" />
    <ClCompile Include="Source\TransformComponent.cpp" />
    <ClCompile Include="Source\FileSystem.cpp" />
    <ClCompile Include="Source\MeshComponent.cpp" />
    <ClCompile Include="Source\Model.cpp" />
    <ClCompile Include="Source\CubePrimitive.cpp" />
    <ClCompile Include="Source\RenderText.cpp" />
    <ClCompile Include="Source\ShadingComponent.cpp" />
    <ClCompile Include="Source\TextureComponent.cpp" />
    <ClCompile Include="Source\SceneManager.cpp" />
    <ClCompile Include="Source\PlayerShip.cpp" />
    <ClCompile Include="Source\GameObjectMapper.cpp" />
  </ItemGroup>
  <ItemGroup>
    <ClInclude Include="Header\Engine.h" />
    <ClInclude Include="Header\Renderer.h" />
    <ClInclude Include="Header\ShaderProgram.h" />
    <ClInclude Include="Header\Window.h" />
    <ClInclude Include="Header\Input.h" />
    <ClInclude Include="Header\Timer.h" />
    <ClInclude Include="Header\Camera.h" />
    <ClInclude Include="Header\GameObject.h" />
    <ClInclude Include="Header\Component.h" />
    <ClInclude Include="Header\TransformComponent.h" />
    <ClInclude Include="Header\FileSystem.h" />
    <ClInclude Include="Header\MeshComponent.h" />
    <ClInclude Include="Header\Model.h" />
    <ClInclude Include="Header\Vertex.h" />
    <ClInclude Include="Header\CubePrimitive.h" />
    <ClInclude Include="Header\RenderText.h" />
    <ClInclude Include="Header\ComponentType.h" />
    <ClInclude Include="Header\ShadingComponent.h" />
    <ClInclude Include="Header\TextureComponent.h" />
    <ClInclude Include="Header\SceneManager.h" />
    <ClInclude Include="Header\PlayerShip.h" />
    <ClInclude Include="Header\GameObjectMapper.h" />
  </ItemGroup>
  <ItemGroup>
    <None Include="Resource\Json\settings.json" />
    <None Include="Resource\Shader\FragmentPhongShader.glsl" />
    <None Include="Resource\Shader\VertexShader.glsl" />
  </ItemGroup>
  <ItemGroup>
    <Image Include="Resource\Image\wall.png" />
    <Image Include="Resource\Image\awesomeface.png" />
  </ItemGroup>
  <ItemGroup>
    <Font Include="Resource\Font\arial.ttf" />
  </ItemGroup>
</Project>