<?xml version="1.0" encoding="utf-8"?>
<Project ToolsVersion="4.0" xmlns="http://schemas.microsoft.com/developer/msbuild/2003">
  <ItemGroup>
    <ClCompile Include="Source\Engine.cpp" />
    <ClCompile Include="Source\main.cpp" />
    <ClCompile Include="Source\Renderer.cpp" />
    <ClCompile Include="Source\ShaderProgram.cpp" />
    <ClCompile Include="Source\Window.cpp" />
    <ClCompile Include="Source\Input.cpp" />
    <ClCompile Include="Source\Timer.cpp" />
    <ClCompile Include="Source\Camera.cpp" />
    <ClCompile Include="Source\GameObject.cpp" />
    <ClCompile Include="Source\Component.cpp" />
    <ClCompile Include="Source\FileSystem.cpp" />
    <ClCompile Include="Source\Model.cpp" />
    <ClCompile Include="Source\CubePrimitive.cpp" />
    <ClCompile Include="Source\RenderText.cpp" />
    <ClCompile Include="Source\SceneManager.cpp" />
    <ClCompile Include="Source\PlayerShip.cpp" />
    <ClCompile Include="Source\GameObjectContainer.cpp" />
    <ClCompile Include="Source\FSException.cpp" />
    <ClCompile Include="Source\GameTimer.cpp" />
    <ClCompile Include="Source\FSDebug.cpp" />
    <ClCompile Include="Source\QuadPrimitive.cpp" />
    <ClCompile Include="Source\FSMath.cpp" />
    <ClCompile Include="Source\Random.cpp" />
    <ClCompile Include="Source\Mesh.cpp" />
    <ClCompile Include="Source\Texture.cpp" />
    <ClCompile Include="Source\Scene.cpp" />
    <ClCompile Include="Source\EventSystem.cpp" />
    <ClCompile Include="Source\Transform.cpp" />
    <ClCompile Include="Source\ComponentType.cpp" />
    <ClCompile Include="Source\GameObjectFactory.cpp" />
    <ClCompile Include="Source\ComponentContainer.cpp" />
    <ClCompile Include="Source\QuadMesh.cpp" />
    <ClCompile Include="Source\Color.cpp" />
    <ClCompile Include="Source\Shading.cpp" />
    <ClCompile Include="Source\FontTexture.cpp" />
    <ClCompile Include="Source\Transform2D.cpp" />
    <ClCompile Include="Source\CubeMesh.cpp" />
    <ClCompile Include="Source\ClickLabel.cpp" />
    <ClCompile Include="Source\ClickLabelManager.cpp" />
    <ClCompile Include="Source\SceneEditor.cpp" />
  </ItemGroup>
  <ItemGroup>
    <ClInclude Include="Header\Engine.h" />
    <ClInclude Include="Header\Renderer.h" />
    <ClInclude Include="Header\ShaderProgram.h" />
    <ClInclude Include="Header\Window.h" />
    <ClInclude Include="Header\Input.h" />
    <ClInclude Include="Header\Timer.h" />
    <ClInclude Include="Header\Camera.h" />
    <ClInclude Include="Header\GameObject.h" />
    <ClInclude Include="Header\Component.h" />
    <ClInclude Include="Header\FileSystem.h" />
    <ClInclude Include="Header\Model.h" />
    <ClInclude Include="Header\CubePrimitive.h" />
    <ClInclude Include="Header\RenderText.h" />
    <ClInclude Include="Header\ComponentType.h" />
    <ClInclude Include="Header\SceneManager.h" />
    <ClInclude Include="Header\PlayerShip.h" />
    <ClInclude Include="Header\Systems.h" />
    <ClInclude Include="Header\ParameterCollection.h" />
    <ClInclude Include="Header\FSException.h" />
    <ClInclude Include="Header\GameTimer.h" />
    <ClInclude Include="Header\FSDebug.h" />
    <ClInclude Include="Header\QuadPrimitive.h" />
    <ClInclude Include="Header\FSMath.h" />
    <ClInclude Include="Header\Random.h" />
    <ClInclude Include="Header\Mesh.h" />
    <ClInclude Include="Header\Texture.h" />
    <ClInclude Include="Header\Scene.h" />
    <ClInclude Include="Header\EventSystem.h" />
    <ClInclude Include="Header\IEventListener.h" />
    <ClInclude Include="Header\IGameObject.h" />
    <ClInclude Include="Header\GameObjectContainer.h" />
    <ClInclude Include="Header\ComponentCollection.h" />
    <ClInclude Include="Header\ComponentContainer.h" />
    <ClInclude Include="Header\IGameObjectContainer.h" />
    <ClInclude Include="Header\Transform.h" />
    <ClInclude Include="Header\GameObjectFactory.h" />
    <ClInclude Include="Header\QuadMesh.h" />
    <ClInclude Include="Header\Color.h" />
    <ClInclude Include="Header\Shading.h" />
    <ClInclude Include="Header\FontTexture.h" />
    <ClInclude Include="Header\Transform2D.h" />
    <ClInclude Include="Header\CubeMesh.h" />
    <ClInclude Include="Header\ClickLabel.h" />
    <ClInclude Include="Header\ClickLabelManager.h" />
    <ClInclude Include="Header\IRenderable.h" />
    <ClInclude Include="Header\INameable.h" />
    <ClInclude Include="Header\ISerializable.h" />
    <ClInclude Include="Header\SceneEditor.h" />
    <ClInclude Include="Header\IUpdatable.h" />
    <ClInclude Include="Header\EditorAction.h" />
  </ItemGroup>
  <ItemGroup>
    <None Include="Resource\Json\settings.json" />
    <None Include="Resource\Shader\FragmentPhongShader.glsl" />
    <None Include="Resource\Shader\VertexShader.glsl" />
    <None Include="Resource\Json\scene.json" />
  </ItemGroup>
  <ItemGroup>
    <Image Include="Resource\Image\wall.png" />
    <Image Include="Resource\Image\awesomeface.png" />
  </ItemGroup>
  <ItemGroup>
    <Font Include="Resource\Font\arial.ttf" />
    <Font Include="Resource\Font\consola.ttf" />
    <Font Include="Resource\Font\consolab.ttf" />
    <Font Include="Resource\Font\consolai.ttf" />
    <Font Include="Resource\Font\consolaz.ttf" />
  </ItemGroup>
</Project>