<?xml version="1.0" encoding="utf-8"?>
<Project ToolsVersion="4.0" xmlns="http://schemas.microsoft.com/developer/msbuild/2003">
  <ItemGroup>
    <ClCompile Include="Source\Engine.cpp" />
    <ClCompile Include="Source\main.cpp" />
    <ClCompile Include="Source\Renderer.cpp" />
    <ClCompile Include="Source\ShaderProgram.cpp" />
    <ClCompile Include="Source\Texture.cpp" />
    <ClCompile Include="Source\Window.cpp" />
    <ClCompile Include="Source\Input.cpp" />
    <ClCompile Include="Source\Timer.cpp" />
    <ClCompile Include="Source\Camera.cpp" />
    <ClCompile Include="Source\RenderComponent.cpp" />
    <ClCompile Include="Source\GameObject.cpp" />
    <ClCompile Include="Source\RotatingCrate.cpp" />
    <ClCompile Include="Source\Component.cpp" />
    <ClCompile Include="Source\TransformComponent.cpp" />
    <ClCompile Include="Source\TextQuad.cpp" />
    <ClCompile Include="Source\FileSystem.cpp" />
  </ItemGroup>
  <ItemGroup>
    <ClInclude Include="Header\Engine.h" />
    <ClInclude Include="Header\Renderer.h" />
    <ClInclude Include="Header\ShaderProgram.h" />
    <ClInclude Include="Header\Texture.h" />
    <ClInclude Include="Header\Window.h" />
    <ClInclude Include="Header\Input.h" />
    <ClInclude Include="Header\Timer.h" />
    <ClInclude Include="Header\Camera.h" />
    <ClInclude Include="Header\RenderComponent.h" />
    <ClInclude Include="Header\GameObject.h" />
    <ClInclude Include="Header\RotatingCrate.h" />
    <ClInclude Include="Header\Component.h" />
    <ClInclude Include="Header\TransformComponent.h" />
    <ClInclude Include="Header\TextQuad.h" />
    <ClInclude Include="Header\FileSystem.h" />
  </ItemGroup>
  <ItemGroup>
    <None Include="Resource\Shader\VertexShader.shader" />
    <None Include="Resource\Shader\FragmentShader.shader" />
    <None Include="Resource\Shader\FragmentMixShader.shader" />
    <None Include="Resource\Json\settings.json" />
  </ItemGroup>
  <ItemGroup>
    <Image Include="Resource\Image\wall.png" />
    <Image Include="Resource\Image\awesomeface.png" />
  </ItemGroup>
  <ItemGroup>
    <Font Include="Resource\Font\arial.ttf" />
  </ItemGroup>
</Project>